
Microsoft Visual Studio Solution File, Format Version 12.00
# Visual Studio Version 17
VisualStudioVersion = 17.12.35527.113
MinimumVisualStudioVersion = 10.0.40219.1
Project("{2150E333-8FDC-42A3-9474-1A3956D46DE8}") = "Boostrapper", "Boostrapper", "{22243A3F-13A5-4572-9AC9-96B167822CE6}"
EndProject
Project("{2150E333-8FDC-42A3-9474-1A3956D46DE8}") = "Modules", "Modules", "{DCA777F4-8DDC-4934-B659-E4B140E35B2E}"
EndProject
Project("{2150E333-8FDC-42A3-9474-1A3956D46DE8}") = "Shared", "Shared", "{726B69FF-A864-4F09-A4A4-1039D9ACB1B0}"
EndProject
Project("{FAE04EC0-301F-11D3-BF4B-00C04F79EFBC}") = "Api", "Boostrapper\Api\Api.csproj", "{20BEE03D-D095-414E-B11C-0B58CB360AB8}"
EndProject
Project("{2150E333-8FDC-42A3-9474-1A3956D46DE8}") = "Catalog", "Catalog", "{FA0BCA2B-E39D-4041-8CE6-766B129554F6}"
EndProject
Project("{2150E333-8FDC-42A3-9474-1A3956D46DE8}") = "Basket", "Basket", "{4335C4EF-A050-45B0-AB22-5414842DCC1C}"
EndProject
Project("{2150E333-8FDC-42A3-9474-1A3956D46DE8}") = "Ordering", "Ordering", "{14275F14-8080-4D36-8DA5-2D20216E7F19}"
EndProject
Project("{FAE04EC0-301F-11D3-BF4B-00C04F79EFBC}") = "Catalog", "Modules\Catalog\Catalog\Catalog.csproj", "{A7B57F1E-4B2D-4DAF-A874-7018F744A8DC}"
EndProject
Project("{FAE04EC0-301F-11D3-BF4B-00C04F79EFBC}") = "Basket", "Modules\Basket\Basket\Basket.csproj", "{DC0D4BE7-4502-44AE-A6D1-369A842CBE85}"
EndProject
Project("{FAE04EC0-301F-11D3-BF4B-00C04F79EFBC}") = "Ordering", "Modules\Ordering\Ordering\Ordering.csproj", "{8E811218-3AD8-4888-8CB2-A0630A79EC52}"
EndProject
Project("{FAE04EC0-301F-11D3-BF4B-00C04F79EFBC}") = "Shared", "Shared\Shared\Shared.csproj", "{355A0836-D55F-46CA-8E57-B36EB8292BC1}"
EndProject
Global
	GlobalSection(SolutionConfigurationPlatforms) = preSolution
		Debug|Any CPU = Debug|Any CPU
		Release|Any CPU = Release|Any CPU
	EndGlobalSection
	GlobalSection(ProjectConfigurationPlatforms) = postSolution
		{20BEE03D-D095-414E-B11C-0B58CB360AB8}.Debug|Any CPU.ActiveCfg = Debug|Any CPU
		{20BEE03D-D095-414E-B11C-0B58CB360AB8}.Debug|Any CPU.Build.0 = Debug|Any CPU
		{20BEE03D-D095-414E-B11C-0B58CB360AB8}.Release|Any CPU.ActiveCfg = Release|Any CPU
		{20BEE03D-D095-414E-B11C-0B58CB360AB8}.Release|Any CPU.Build.0 = Release|Any CPU
		{A7B57F1E-4B2D-4DAF-A874-7018F744A8DC}.Debug|Any CPU.ActiveCfg = Debug|Any CPU
		{A7B57F1E-4B2D-4DAF-A874-7018F744A8DC}.Debug|Any CPU.Build.0 = Debug|Any CPU
		{A7B57F1E-4B2D-4DAF-A874-7018F744A8DC}.Release|Any CPU.ActiveCfg = Release|Any CPU
		{A7B57F1E-4B2D-4DAF-A874-7018F744A8DC}.Release|Any CPU.Build.0 = Release|Any CPU
		{DC0D4BE7-4502-44AE-A6D1-369A842CBE85}.Debug|Any CPU.ActiveCfg = Debug|Any CPU
		{DC0D4BE7-4502-44AE-A6D1-369A842CBE85}.Debug|Any CPU.Build.0 = Debug|Any CPU
		{DC0D4BE7-4502-44AE-A6D1-369A842CBE85}.Release|Any CPU.ActiveCfg = Release|Any CPU
		{DC0D4BE7-4502-44AE-A6D1-369A842CBE85}.Release|Any CPU.Build.0 = Release|Any CPU
		{8E811218-3AD8-4888-8CB2-A0630A79EC52}.Debug|Any CPU.ActiveCfg = Debug|Any CPU
		{8E811218-3AD8-4888-8CB2-A0630A79EC52}.Debug|Any CPU.Build.0 = Debug|Any CPU
		{8E811218-3AD8-4888-8CB2-A0630A79EC52}.Release|Any CPU.ActiveCfg = Release|Any CPU
		{8E811218-3AD8-4888-8CB2-A0630A79EC52}.Release|Any CPU.Build.0 = Release|Any CPU
		{355A0836-D55F-46CA-8E57-B36EB8292BC1}.Debug|Any CPU.ActiveCfg = Debug|Any CPU
		{355A0836-D55F-46CA-8E57-B36EB8292BC1}.Debug|Any CPU.Build.0 = Debug|Any CPU
		{355A0836-D55F-46CA-8E57-B36EB8292BC1}.Release|Any CPU.ActiveCfg = Release|Any CPU
		{355A0836-D55F-46CA-8E57-B36EB8292BC1}.Release|Any CPU.Build.0 = Release|Any CPU
	EndGlobalSection
	GlobalSection(SolutionProperties) = preSolution
		HideSolutionNode = FALSE
	EndGlobalSection
	GlobalSection(NestedProjects) = preSolution
		{20BEE03D-D095-414E-B11C-0B58CB360AB8} = {22243A3F-13A5-4572-9AC9-96B167822CE6}
		{FA0BCA2B-E39D-4041-8CE6-766B129554F6} = {DCA777F4-8DDC-4934-B659-E4B140E35B2E}
		{4335C4EF-A050-45B0-AB22-5414842DCC1C} = {DCA777F4-8DDC-4934-B659-E4B140E35B2E}
		{14275F14-8080-4D36-8DA5-2D20216E7F19} = {DCA777F4-8DDC-4934-B659-E4B140E35B2E}
		{A7B57F1E-4B2D-4DAF-A874-7018F744A8DC} = {FA0BCA2B-E39D-4041-8CE6-766B129554F6}
		{DC0D4BE7-4502-44AE-A6D1-369A842CBE85} = {4335C4EF-A050-45B0-AB22-5414842DCC1C}
		{8E811218-3AD8-4888-8CB2-A0630A79EC52} = {14275F14-8080-4D36-8DA5-2D20216E7F19}
		{355A0836-D55F-46CA-8E57-B36EB8292BC1} = {726B69FF-A864-4F09-A4A4-1039D9ACB1B0}
	EndGlobalSection
EndGlobal
